
Microsoft Visual Studio Solution File, Format Version 12.00
# Visual Studio Version 17
VisualStudioVersion = 17.4.33110.190
MinimumVisualStudioVersion = 10.0.40219.1
Project("{FAE04EC0-301F-11D3-BF4B-00C04F79EFBC}") = "NonGuillotineCutting", "NonGuillotineCutting\NonGuillotineCutting.csproj", "{BA7097FB-8A28-44C6-ABB7-9F8FB47491F3}"
EndProject
Global
	GlobalSection(SolutionConfigurationPlatforms) = preSolution
		Debug|Any CPU = Debug|Any CPU
		Release|Any CPU = Release|Any CPU
	EndGlobalSection
	GlobalSection(ProjectConfigurationPlatforms) = postSolution
		{BA7097FB-8A28-44C6-ABB7-9F8FB47491F3}.Debug|Any CPU.ActiveCfg = Debug|Any CPU
		{BA7097FB-8A28-44C6-ABB7-9F8FB47491F3}.Debug|Any CPU.Build.0 = Debug|Any CPU
		{BA7097FB-8A28-44C6-ABB7-9F8FB47491F3}.Release|Any CPU.ActiveCfg = Release|Any CPU
		{BA7097FB-8A28-44C6-ABB7-9F8FB47491F3}.Release|Any CPU.Build.0 = Release|Any CPU
	EndGlobalSection
	GlobalSection(SolutionProperties) = preSolution
		HideSolutionNode = FALSE
	EndGlobalSection
	GlobalSection(ExtensibilityGlobals) = postSolution
		SolutionGuid = {EB16EE25-7A10-4C80-A5BD-C1C3EEBFC165}
	EndGlobalSection
EndGlobal
